// !$*UTF8*$!
{
	archiveVersion = 1;
	classes = {
	};
	objectVersion = 46;
	objects = {

/* Begin PBXBuildFile section */
		9E20DEE81E7790ED00B035A0 /* main.m in Sources */ = {isa = PBXBuildFile; fileRef = 9E20DEE71E7790ED00B035A0 /* main.m */; };
		9E20DEEB1E7790ED00B035A0 /* AppDelegate.m in Sources */ = {isa = PBXBuildFile; fileRef = 9E20DEEA1E7790ED00B035A0 /* AppDelegate.m */; };
		9E20DEEE1E7790ED00B035A0 /* ViewController.m in Sources */ = {isa = PBXBuildFile; fileRef = 9E20DEED1E7790ED00B035A0 /* ViewController.m */; };
		9E20DEF11E7790ED00B035A0 /* Main.storyboard in Resources */ = {isa = PBXBuildFile; fileRef = 9E20DEEF1E7790ED00B035A0 /* Main.storyboard */; };
		9E20DEF41E7790ED00B035A0 /* MGVideo.xcdatamodeld in Sources */ = {isa = PBXBuildFile; fileRef = 9E20DEF21E7790ED00B035A0 /* MGVideo.xcdatamodeld */; };
		9E20DEF61E7790ED00B035A0 /* Assets.xcassets in Resources */ = {isa = PBXBuildFile; fileRef = 9E20DEF51E7790ED00B035A0 /* Assets.xcassets */; };
		9E20DEF91E7790ED00B035A0 /* LaunchScreen.storyboard in Resources */ = {isa = PBXBuildFile; fileRef = 9E20DEF71E7790ED00B035A0 /* LaunchScreen.storyboard */; };
		9E20DF041E7790ED00B035A0 /* MGVideoTests.m in Sources */ = {isa = PBXBuildFile; fileRef = 9E20DF031E7790ED00B035A0 /* MGVideoTests.m */; };
		9E20DF0F1E7790ED00B035A0 /* MGVideoUITests.m in Sources */ = {isa = PBXBuildFile; fileRef = 9E20DF0E1E7790ED00B035A0 /* MGVideoUITests.m */; };
		9E20DFEB1E77968B00B035A0 /* MGPlayerViewController.m in Sources */ = {isa = PBXBuildFile; fileRef = 9E20DFEA1E77968B00B035A0 /* MGPlayerViewController.m */; };
		9E20DFEE1E779FB900B035A0 /* MGPlayerView.m in Sources */ = {isa = PBXBuildFile; fileRef = 9E20DFED1E779FB900B035A0 /* MGPlayerView.m */; };
/* End PBXBuildFile section */

/* Begin PBXContainerItemProxy section */
		9E20DF001E7790ED00B035A0 /* PBXContainerItemProxy */ = {
			isa = PBXContainerItemProxy;
			containerPortal = 9E20DEDB1E7790ED00B035A0 /* Project object */;
			proxyType = 1;
			remoteGlobalIDString = 9E20DEE21E7790ED00B035A0;
			remoteInfo = MGVideo;
		};
		9E20DF0B1E7790ED00B035A0 /* PBXContainerItemProxy */ = {
			isa = PBXContainerItemProxy;
			containerPortal = 9E20DEDB1E7790ED00B035A0 /* Project object */;
			proxyType = 1;
			remoteGlobalIDString = 9E20DEE21E7790ED00B035A0;
			remoteInfo = MGVideo;
		};
/* End PBXContainerItemProxy section */

/* Begin PBXFileReference section */
		9E20DEE31E7790ED00B035A0 /* MGVideo.app */ = {isa = PBXFileReference; explicitFileType = wrapper.application; includeInIndex = 0; path = MGVideo.app; sourceTree = BUILT_PRODUCTS_DIR; };
		9E20DEE71E7790ED00B035A0 /* main.m */ = {isa = PBXFileReference; lastKnownFileType = sourcecode.c.objc; path = main.m; sourceTree = "<group>"; };
		9E20DEE91E7790ED00B035A0 /* AppDelegate.h */ = {isa = PBXFileReference; lastKnownFileType = sourcecode.c.h; path = AppDelegate.h; sourceTree = "<group>"; };
		9E20DEEA1E7790ED00B035A0 /* AppDelegate.m */ = {isa = PBXFileReference; lastKnownFileType = sourcecode.c.objc; path = AppDelegate.m; sourceTree = "<group>"; };
		9E20DEEC1E7790ED00B035A0 /* ViewController.h */ = {isa = PBXFileReference; lastKnownFileType = sourcecode.c.h; path = ViewController.h; sourceTree = "<group>"; };
		9E20DEED1E7790ED00B035A0 /* ViewController.m */ = {isa = PBXFileReference; lastKnownFileType = sourcecode.c.objc; path = ViewController.m; sourceTree = "<group>"; };
		9E20DEF01E7790ED00B035A0 /* Base */ = {isa = PBXFileReference; lastKnownFileType = file.storyboard; name = Base; path = Base.lproj/Main.storyboard; sourceTree = "<group>"; };
		9E20DEF31E7790ED00B035A0 /* MGVideo.xcdatamodel */ = {isa = PBXFileReference; lastKnownFileType = wrapper.xcdatamodel; path = MGVideo.xcdatamodel; sourceTree = "<group>"; };
		9E20DEF51E7790ED00B035A0 /* Assets.xcassets */ = {isa = PBXFileReference; lastKnownFileType = folder.assetcatalog; path = Assets.xcassets; sourceTree = "<group>"; };
		9E20DEF81E7790ED00B035A0 /* Base */ = {isa = PBXFileReference; lastKnownFileType = file.storyboard; name = Base; path = Base.lproj/LaunchScreen.storyboard; sourceTree = "<group>"; };
		9E20DEFA1E7790ED00B035A0 /* Info.plist */ = {isa = PBXFileReference; lastKnownFileType = text.plist.xml; path = Info.plist; sourceTree = "<group>"; };
		9E20DEFF1E7790ED00B035A0 /* MGVideoTests.xctest */ = {isa = PBXFileReference; explicitFileType = wrapper.cfbundle; includeInIndex = 0; path = MGVideoTests.xctest; sourceTree = BUILT_PRODUCTS_DIR; };
		9E20DF031E7790ED00B035A0 /* MGVideoTests.m */ = {isa = PBXFileReference; lastKnownFileType = sourcecode.c.objc; path = MGVideoTests.m; sourceTree = "<group>"; };
		9E20DF051E7790ED00B035A0 /* Info.plist */ = {isa = PBXFileReference; lastKnownFileType = text.plist.xml; path = Info.plist; sourceTree = "<group>"; };
		9E20DF0A1E7790ED00B035A0 /* MGVideoUITests.xctest */ = {isa = PBXFileReference; explicitFileType = wrapper.cfbundle; includeInIndex = 0; path = MGVideoUITests.xctest; sourceTree = BUILT_PRODUCTS_DIR; };
		9E20DF0E1E7790ED00B035A0 /* MGVideoUITests.m */ = {isa = PBXFileReference; lastKnownFileType = sourcecode.c.objc; path = MGVideoUITests.m; sourceTree = "<group>"; };
		9E20DF101E7790ED00B035A0 /* Info.plist */ = {isa = PBXFileReference; lastKnownFileType = text.plist.xml; path = Info.plist; sourceTree = "<group>"; };
		9E20DFE91E77968B00B035A0 /* MGPlayerViewController.h */ = {isa = PBXFileReference; fileEncoding = 4; lastKnownFileType = sourcecode.c.h; path = MGPlayerViewController.h; sourceTree = "<group>"; };
		9E20DFEA1E77968B00B035A0 /* MGPlayerViewController.m */ = {isa = PBXFileReference; fileEncoding = 4; lastKnownFileType = sourcecode.c.objc; path = MGPlayerViewController.m; sourceTree = "<group>"; };
		9E20DFEC1E779FB900B035A0 /* MGPlayerView.h */ = {isa = PBXFileReference; fileEncoding = 4; lastKnownFileType = sourcecode.c.h; path = MGPlayerView.h; sourceTree = "<group>"; };
		9E20DFED1E779FB900B035A0 /* MGPlayerView.m */ = {isa = PBXFileReference; fileEncoding = 4; lastKnownFileType = sourcecode.c.objc; path = MGPlayerView.m; sourceTree = "<group>"; };
/* End PBXFileReference section */

/* Begin PBXFrameworksBuildPhase section */
		9E20DEE01E7790ED00B035A0 /* Frameworks */ = {
			isa = PBXFrameworksBuildPhase;
			buildActionMask = 2147483647;
			files = (
			);
			runOnlyForDeploymentPostprocessing = 0;
		};
		9E20DEFC1E7790ED00B035A0 /* Frameworks */ = {
			isa = PBXFrameworksBuildPhase;
			buildActionMask = 2147483647;
			files = (
			);
			runOnlyForDeploymentPostprocessing = 0;
		};
		9E20DF071E7790ED00B035A0 /* Frameworks */ = {
			isa = PBXFrameworksBuildPhase;
			buildActionMask = 2147483647;
			files = (
			);
			runOnlyForDeploymentPostprocessing = 0;
		};
/* End PBXFrameworksBuildPhase section */

/* Begin PBXGroup section */
		9E20DEDA1E7790ED00B035A0 = {
			isa = PBXGroup;
			children = (
				9E20DEE51E7790ED00B035A0 /* MGVideo */,
				9E20DF021E7790ED00B035A0 /* MGVideoTests */,
				9E20DF0D1E7790ED00B035A0 /* MGVideoUITests */,
				9E20DEE41E7790ED00B035A0 /* Products */,
			);
			sourceTree = "<group>";
		};
		9E20DEE41E7790ED00B035A0 /* Products */ = {
			isa = PBXGroup;
			children = (
				9E20DEE31E7790ED00B035A0 /* MGVideo.app */,
				9E20DEFF1E7790ED00B035A0 /* MGVideoTests.xctest */,
				9E20DF0A1E7790ED00B035A0 /* MGVideoUITests.xctest */,
			);
			name = Products;
			sourceTree = "<group>";
		};
		9E20DEE51E7790ED00B035A0 /* MGVideo */ = {
			isa = PBXGroup;
			children = (
				9E20DFE81E77966500B035A0 /* MGVideoPlayer */,
				9E20DEE91E7790ED00B035A0 /* AppDelegate.h */,
				9E20DEEA1E7790ED00B035A0 /* AppDelegate.m */,
				9E20DEEC1E7790ED00B035A0 /* ViewController.h */,
				9E20DEED1E7790ED00B035A0 /* ViewController.m */,
				9E20DEEF1E7790ED00B035A0 /* Main.storyboard */,
				9E20DEF51E7790ED00B035A0 /* Assets.xcassets */,
				9E20DEF71E7790ED00B035A0 /* LaunchScreen.storyboard */,
				9E20DEFA1E7790ED00B035A0 /* Info.plist */,
				9E20DEF21E7790ED00B035A0 /* MGVideo.xcdatamodeld */,
				9E20DEE61E7790ED00B035A0 /* Supporting Files */,
			);
			path = MGVideo;
			sourceTree = "<group>";
		};
		9E20DEE61E7790ED00B035A0 /* Supporting Files */ = {
			isa = PBXGroup;
			children = (
				9E20DEE71E7790ED00B035A0 /* main.m */,
			);
			name = "Supporting Files";
			sourceTree = "<group>";
		};
		9E20DF021E7790ED00B035A0 /* MGVideoTests */ = {
			isa = PBXGroup;
			children = (
				9E20DF031E7790ED00B035A0 /* MGVideoTests.m */,
				9E20DF051E7790ED00B035A0 /* Info.plist */,
			);
			path = MGVideoTests;
			sourceTree = "<group>";
		};
		9E20DF0D1E7790ED00B035A0 /* MGVideoUITests */ = {
			isa = PBXGroup;
			children = (
				9E20DF0E1E7790ED00B035A0 /* MGVideoUITests.m */,
				9E20DF101E7790ED00B035A0 /* Info.plist */,
			);
			path = MGVideoUITests;
			sourceTree = "<group>";
		};
		9E20DFE81E77966500B035A0 /* MGVideoPlayer */ = {
			isa = PBXGroup;
			children = (
				9E20DFE91E77968B00B035A0 /* MGPlayerViewController.h */,
				9E20DFEA1E77968B00B035A0 /* MGPlayerViewController.m */,
				9E20DFEC1E779FB900B035A0 /* MGPlayerView.h */,
				9E20DFED1E779FB900B035A0 /* MGPlayerView.m */,
			);
			path = MGVideoPlayer;
			sourceTree = "<group>";
		};
/* End PBXGroup section */

/* Begin PBXNativeTarget section */
		9E20DEE21E7790ED00B035A0 /* MGVideo */ = {
			isa = PBXNativeTarget;
			buildConfigurationList = 9E20DF131E7790ED00B035A0 /* Build configuration list for PBXNativeTarget "MGVideo" */;
			buildPhases = (
				9E20DEDF1E7790ED00B035A0 /* Sources */,
				9E20DEE01E7790ED00B035A0 /* Frameworks */,
				9E20DEE11E7790ED00B035A0 /* Resources */,
			);
			buildRules = (
			);
			dependencies = (
			);
			name = MGVideo;
			productName = MGVideo;
			productReference = 9E20DEE31E7790ED00B035A0 /* MGVideo.app */;
			productType = "com.apple.product-type.application";
		};
		9E20DEFE1E7790ED00B035A0 /* MGVideoTests */ = {
			isa = PBXNativeTarget;
			buildConfigurationList = 9E20DF161E7790ED00B035A0 /* Build configuration list for PBXNativeTarget "MGVideoTests" */;
			buildPhases = (
				9E20DEFB1E7790ED00B035A0 /* Sources */,
				9E20DEFC1E7790ED00B035A0 /* Frameworks */,
				9E20DEFD1E7790ED00B035A0 /* Resources */,
			);
			buildRules = (
			);
			dependencies = (
				9E20DF011E7790ED00B035A0 /* PBXTargetDependency */,
			);
			name = MGVideoTests;
			productName = MGVideoTests;
			productReference = 9E20DEFF1E7790ED00B035A0 /* MGVideoTests.xctest */;
			productType = "com.apple.product-type.bundle.unit-test";
		};
		9E20DF091E7790ED00B035A0 /* MGVideoUITests */ = {
			isa = PBXNativeTarget;
			buildConfigurationList = 9E20DF191E7790ED00B035A0 /* Build configuration list for PBXNativeTarget "MGVideoUITests" */;
			buildPhases = (
				9E20DF061E7790ED00B035A0 /* Sources */,
				9E20DF071E7790ED00B035A0 /* Frameworks */,
				9E20DF081E7790ED00B035A0 /* Resources */,
			);
			buildRules = (
			);
			dependencies = (
				9E20DF0C1E7790ED00B035A0 /* PBXTargetDependency */,
			);
			name = MGVideoUITests;
			productName = MGVideoUITests;
			productReference = 9E20DF0A1E7790ED00B035A0 /* MGVideoUITests.xctest */;
			productType = "com.apple.product-type.bundle.ui-testing";
		};
/* End PBXNativeTarget section */

/* Begin PBXProject section */
		9E20DEDB1E7790ED00B035A0 /* Project object */ = {
			isa = PBXProject;
			attributes = {
				LastUpgradeCheck = 0820;
				ORGANIZATIONNAME = MarvesG;
				TargetAttributes = {
					9E20DEE21E7790ED00B035A0 = {
						CreatedOnToolsVersion = 8.2.1;
						DevelopmentTeam = 52B98399WJ;
						ProvisioningStyle = Automatic;
					};
					9E20DEFE1E7790ED00B035A0 = {
						CreatedOnToolsVersion = 8.2.1;
						DevelopmentTeam = 52B98399WJ;
						ProvisioningStyle = Automatic;
						TestTargetID = 9E20DEE21E7790ED00B035A0;
					};
					9E20DF091E7790ED00B035A0 = {
						CreatedOnToolsVersion = 8.2.1;
						DevelopmentTeam = 52B98399WJ;
						ProvisioningStyle = Automatic;
						TestTargetID = 9E20DEE21E7790ED00B035A0;
					};
				};
			};
			buildConfigurationList = 9E20DEDE1E7790ED00B035A0 /* Build configuration list for PBXProject "MGVideo" */;
			compatibilityVersion = "Xcode 3.2";
			developmentRegion = English;
			hasScannedForEncodings = 0;
			knownRegions = (
				en,
				Base,
			);
			mainGroup = 9E20DEDA1E7790ED00B035A0;
			productRefGroup = 9E20DEE41E7790ED00B035A0 /* Products */;
			projectDirPath = "";
			projectRoot = "";
			targets = (
				9E20DEE21E7790ED00B035A0 /* MGVideo */,
				9E20DEFE1E7790ED00B035A0 /* MGVideoTests */,
				9E20DF091E7790ED00B035A0 /* MGVideoUITests */,
			);
		};
/* End PBXProject section */

/* Begin PBXResourcesBuildPhase section */
		9E20DEE11E7790ED00B035A0 /* Resources */ = {
			isa = PBXResourcesBuildPhase;
			buildActionMask = 2147483647;
			files = (
				9E20DEF91E7790ED00B035A0 /* LaunchScreen.storyboard in Resources */,
				9E20DEF61E7790ED00B035A0 /* Assets.xcassets in Resources */,
				9E20DEF11E7790ED00B035A0 /* Main.storyboard in Resources */,
			);
			runOnlyForDeploymentPostprocessing = 0;
		};
		9E20DEFD1E7790ED00B035A0 /* Resources */ = {
			isa = PBXResourcesBuildPhase;
			buildActionMask = 2147483647;
			files = (
			);
			runOnlyForDeploymentPostprocessing = 0;
		};
		9E20DF081E7790ED00B035A0 /* Resources */ = {
			isa = PBXResourcesBuildPhase;
			buildActionMask = 2147483647;
			files = (
			);
			runOnlyForDeploymentPostprocessing = 0;
		};
/* End PBXResourcesBuildPhase section */

/* Begin PBXSourcesBuildPhase section */
		9E20DEDF1E7790ED00B035A0 /* Sources */ = {
			isa = PBXSourcesBuildPhase;
			buildActionMask = 2147483647;
			files = (
				9E20DEEE1E7790ED00B035A0 /* ViewController.m in Sources */,
				9E20DFEE1E779FB900B035A0 /* MGPlayerView.m in Sources */,
				9E20DEEB1E7790ED00B035A0 /* AppDelegate.m in Sources */,
				9E20DEE81E7790ED00B035A0 /* main.m in Sources */,
				9E20DEF41E7790ED00B035A0 /* MGVideo.xcdatamodeld in Sources */,
				9E20DFEB1E77968B00B035A0 /* MGPlayerViewController.m in Sources */,
			);
			runOnlyForDeploymentPostprocessing = 0;
		};
		9E20DEFB1E7790ED00B035A0 /* Sources */ = {
			isa = PBXSourcesBuildPhase;
			buildActionMask = 2147483647;
			files = (
				9E20DF041E7790ED00B035A0 /* MGVideoTests.m in Sources */,
			);
			runOnlyForDeploymentPostprocessing = 0;
		};
		9E20DF061E7790ED00B035A0 /* Sources */ = {
			isa = PBXSourcesBuildPhase;
			buildActionMask = 2147483647;
			files = (
				9E20DF0F1E7790ED00B035A0 /* MGVideoUITests.m in Sources */,
			);
			runOnlyForDeploymentPostprocessing = 0;
		};
/* End PBXSourcesBuildPhase section */

/* Begin PBXTargetDependency section */
		9E20DF011E7790ED00B035A0 /* PBXTargetDependency */ = {
			isa = PBXTargetDependency;
			target = 9E20DEE21E7790ED00B035A0 /* MGVideo */;
			targetProxy = 9E20DF001E7790ED00B035A0 /* PBXContainerItemProxy */;
		};
		9E20DF0C1E7790ED00B035A0 /* PBXTargetDependency */ = {
			isa = PBXTargetDependency;
			target = 9E20DEE21E7790ED00B035A0 /* MGVideo */;
			targetProxy = 9E20DF0B1E7790ED00B035A0 /* PBXContainerItemProxy */;
		};
/* End PBXTargetDependency section */

/* Begin PBXVariantGroup section */
		9E20DEEF1E7790ED00B035A0 /* Main.storyboard */ = {
			isa = PBXVariantGroup;
			children = (
				9E20DEF01E7790ED00B035A0 /* Base */,
			);
			name = Main.storyboard;
			sourceTree = "<group>";
		};
		9E20DEF71E7790ED00B035A0 /* LaunchScreen.storyboard */ = {
			isa = PBXVariantGroup;
			children = (
				9E20DEF81E7790ED00B035A0 /* Base */,
			);
			name = LaunchScreen.storyboard;
			sourceTree = "<group>";
		};
/* End PBXVariantGroup section */

/* Begin XCBuildConfiguration section */
		9E20DF111E7790ED00B035A0 /* Debug */ = {
			isa = XCBuildConfiguration;
			buildSettings = {
				ALWAYS_SEARCH_USER_PATHS = NO;
				CLANG_ANALYZER_NONNULL = YES;
				CLANG_CXX_LANGUAGE_STANDARD = "gnu++0x";
				CLANG_CXX_LIBRARY = "libc++";
				CLANG_ENABLE_MODULES = YES;
				CLANG_ENABLE_OBJC_ARC = YES;
				CLANG_WARN_BOOL_CONVERSION = YES;
				CLANG_WARN_CONSTANT_CONVERSION = YES;
				CLANG_WARN_DIRECT_OBJC_ISA_USAGE = YES_ERROR;
				CLANG_WARN_DOCUMENTATION_COMMENTS = YES;
				CLANG_WARN_EMPTY_BODY = YES;
				CLANG_WARN_ENUM_CONVERSION = YES;
				CLANG_WARN_INFINITE_RECURSION = YES;
				CLANG_WARN_INT_CONVERSION = YES;
				CLANG_WARN_OBJC_ROOT_CLASS = YES_ERROR;
				CLANG_WARN_SUSPICIOUS_MOVE = YES;
				CLANG_WARN_UNREACHABLE_CODE = YES;
				CLANG_WARN__DUPLICATE_METHOD_MATCH = YES;
				"CODE_SIGN_IDENTITY[sdk=iphoneos*]" = "iPhone Developer";
				COPY_PHASE_STRIP = NO;
				DEBUG_INFORMATION_FORMAT = dwarf;
				ENABLE_STRICT_OBJC_MSGSEND = YES;
				ENABLE_TESTABILITY = YES;
				GCC_C_LANGUAGE_STANDARD = gnu99;
				GCC_DYNAMIC_NO_PIC = NO;
				GCC_NO_COMMON_BLOCKS = YES;
				GCC_OPTIMIZATION_LEVEL = 0;
				GCC_PREPROCESSOR_DEFINITIONS = (
					"DEBUG=1",
					"$(inherited)",
				);
				GCC_WARN_64_TO_32_BIT_CONVERSION = YES;
				GCC_WARN_ABOUT_RETURN_TYPE = YES_ERROR;
				GCC_WARN_UNDECLARED_SELECTOR = YES;
				GCC_WARN_UNINITIALIZED_AUTOS = YES_AGGRESSIVE;
				GCC_WARN_UNUSED_FUNCTION = YES;
				GCC_WARN_UNUSED_VARIABLE = YES;
				IPHONEOS_DEPLOYMENT_TARGET = 10.2;
				MTL_ENABLE_DEBUG_INFO = YES;
				ONLY_ACTIVE_ARCH = YES;
				SDKROOT = iphoneos;
			};
			name = Debug;
		};
		9E20DF121E7790ED00B035A0 /* Release */ = {
			isa = XCBuildConfiguration;
			buildSettings = {
				ALWAYS_SEARCH_USER_PATHS = NO;
				CLANG_ANALYZER_NONNULL = YES;
				CLANG_CXX_LANGUAGE_STANDARD = "gnu++0x";
				CLANG_CXX_LIBRARY = "libc++";
				CLANG_ENABLE_MODULES = YES;
				CLANG_ENABLE_OBJC_ARC = YES;
				CLANG_WARN_BOOL_CONVERSION = YES;
				CLANG_WARN_CONSTANT_CONVERSION = YES;
				CLANG_WARN_DIRECT_OBJC_ISA_USAGE = YES_ERROR;
				CLANG_WARN_DOCUMENTATION_COMMENTS = YES;
				CLANG_WARN_EMPTY_BODY = YES;
				CLANG_WARN_ENUM_CONVERSION = YES;
				CLANG_WARN_INFINITE_RECURSION = YES;
				CLANG_WARN_INT_CONVERSION = YES;
				CLANG_WARN_OBJC_ROOT_CLASS = YES_ERROR;
				CLANG_WARN_SUSPICIOUS_MOVE = YES;
				CLANG_WARN_UNREACHABLE_CODE = YES;
				CLANG_WARN__DUPLICATE_METHOD_MATCH = YES;
				"CODE_SIGN_IDENTITY[sdk=iphoneos*]" = "iPhone Developer";
				COPY_PHASE_STRIP = NO;
				DEBUG_INFORMATION_FORMAT = "dwarf-with-dsym";
				ENABLE_NS_ASSERTIONS = NO;
				ENABLE_STRICT_OBJC_MSGSEND = YES;
				GCC_C_LANGUAGE_STANDARD = gnu99;
				GCC_NO_COMMON_BLOCKS = YES;
				GCC_WARN_64_TO_32_BIT_CONVERSION = YES;
				GCC_WARN_ABOUT_RETURN_TYPE = YES_ERROR;
				GCC_WARN_UNDECLARED_SELECTOR = YES;
				GCC_WARN_UNINITIALIZED_AUTOS = YES_AGGRESSIVE;
				GCC_WARN_UNUSED_FUNCTION = YES;
				GCC_WARN_UNUSED_VARIABLE = YES;
				IPHONEOS_DEPLOYMENT_TARGET = 10.2;
				MTL_ENABLE_DEBUG_INFO = NO;
				SDKROOT = iphoneos;
				VALIDATE_PRODUCT = YES;
			};
			name = Release;
		};
		9E20DF141E7790ED00B035A0 /* Debug */ = {
			isa = XCBuildConfiguration;
			buildSettings = {
				ASSETCATALOG_COMPILER_APPICON_NAME = AppIcon;
				DEVELOPMENT_TEAM = 52B98399WJ;
				INFOPLIST_FILE = MGVideo/Info.plist;
				IPHONEOS_DEPLOYMENT_TARGET = 7.0;
				LD_RUNPATH_SEARCH_PATHS = "$(inherited) @executable_path/Frameworks";
				PRODUCT_BUNDLE_IDENTIFIER = com.MarvesStudio.MGVideo;
				PRODUCT_NAME = "$(TARGET_NAME)";
			};
			name = Debug;
		};
		9E20DF151E7790ED00B035A0 /* Release */ = {
			isa = XCBuildConfiguration;
			buildSettings = {
				ASSETCATALOG_COMPILER_APPICON_NAME = AppIcon;
				DEVELOPMENT_TEAM = 52B98399WJ;
				INFOPLIST_FILE = MGVideo/Info.plist;
				IPHONEOS_DEPLOYMENT_TARGET = 7.0;
				LD_RUNPATH_SEARCH_PATHS = "$(inherited) @executable_path/Frameworks";
				PRODUCT_BUNDLE_IDENTIFIER = com.MarvesStudio.MGVideo;
				PRODUCT_NAME = "$(TARGET_NAME)";
			};
			name = Release;
		};
		9E20DF171E7790ED00B035A0 /* Debug */ = {
			isa = XCBuildConfiguration;
			buildSettings = {
				BUNDLE_LOADER = "$(TEST_HOST)";
				DEVELOPMENT_TEAM = 52B98399WJ;
				INFOPLIST_FILE = MGVideoTests/Info.plist;
				LD_RUNPATH_SEARCH_PATHS = "$(inherited) @executable_path/Frameworks @loader_path/Frameworks";
				PRODUCT_BUNDLE_IDENTIFIER = com.MarvesStudio.MGVideoTests;
				PRODUCT_NAME = "$(TARGET_NAME)";
				TEST_HOST = "$(BUILT_PRODUCTS_DIR)/MGVideo.app/MGVideo";
			};
			name = Debug;
		};
		9E20DF181E7790ED00B035A0 /* Release */ = {
			isa = XCBuildConfiguration;
			buildSettings = {
				BUNDLE_LOADER = "$(TEST_HOST)";
				DEVELOPMENT_TEAM = 52B98399WJ;
				INFOPLIST_FILE = MGVideoTests/Info.plist;
				LD_RUNPATH_SEARCH_PATHS = "$(inherited) @executable_path/Frameworks @loader_path/Frameworks";
				PRODUCT_BUNDLE_IDENTIFIER = com.MarvesStudio.MGVideoTests;
				PRODUCT_NAME = "$(TARGET_NAME)";
				TEST_HOST = "$(BUILT_PRODUCTS_DIR)/MGVideo.app/MGVideo";
			};
			name = Release;
		};
		9E20DF1A1E7790ED00B035A0 /* Debug */ = {
			isa = XCBuildConfiguration;
			buildSettings = {
				DEVELOPMENT_TEAM = 52B98399WJ;
				INFOPLIST_FILE = MGVideoUITests/Info.plist;
				LD_RUNPATH_SEARCH_PATHS = "$(inherited) @executable_path/Frameworks @loader_path/Frameworks";
				PRODUCT_BUNDLE_IDENTIFIER = com.MarvesStudio.MGVideoUITests;
				PRODUCT_NAME = "$(TARGET_NAME)";
				TEST_TARGET_NAME = MGVideo;
			};
			name = Debug;
		};
		9E20DF1B1E7790ED00B035A0 /* Release */ = {
			isa = XCBuildConfiguration;
			buildSettings = {
				DEVELOPMENT_TEAM = 52B98399WJ;
				INFOPLIST_FILE = MGVideoUITests/Info.plist;
				LD_RUNPATH_SEARCH_PATHS = "$(inherited) @executable_path/Frameworks @loader_path/Frameworks";
				PRODUCT_BUNDLE_IDENTIFIER = com.MarvesStudio.MGVideoUITests;
				PRODUCT_NAME = "$(TARGET_NAME)";
				TEST_TARGET_NAME = MGVideo;
			};
			name = Release;
		};
/* End XCBuildConfiguration section */

/* Begin XCConfigurationList section */
		9E20DEDE1E7790ED00B035A0 /* Build configuration list for PBXProject "MGVideo" */ = {
			isa = XCConfigurationList;
			buildConfigurations = (
				9E20DF111E7790ED00B035A0 /* Debug */,
				9E20DF121E7790ED00B035A0 /* Release */,
			);
			defaultConfigurationIsVisible = 0;
			defaultConfigurationName = Release;
		};
		9E20DF131E7790ED00B035A0 /* Build configuration list for PBXNativeTarget "MGVideo" */ = {
			isa = XCConfigurationList;
			buildConfigurations = (
				9E20DF141E7790ED00B035A0 /* Debug */,
				9E20DF151E7790ED00B035A0 /* Release */,
			);
			defaultConfigurationIsVisible = 0;
			defaultConfigurationName = Release;
		};
		9E20DF161E7790ED00B035A0 /* Build configuration list for PBXNativeTarget "MGVideoTests" */ = {
			isa = XCConfigurationList;
			buildConfigurations = (
				9E20DF171E7790ED00B035A0 /* Debug */,
				9E20DF181E7790ED00B035A0 /* Release */,
			);
			defaultConfigurationIsVisible = 0;
			defaultConfigurationName = Release;
		};
		9E20DF191E7790ED00B035A0 /* Build configuration list for PBXNativeTarget "MGVideoUITests" */ = {
			isa = XCConfigurationList;
			buildConfigurations = (
				9E20DF1A1E7790ED00B035A0 /* Debug */,
				9E20DF1B1E7790ED00B035A0 /* Release */,
			);
			defaultConfigurationIsVisible = 0;
			defaultConfigurationName = Release;
		};
/* End XCConfigurationList section */

/* Begin XCVersionGroup section */
		9E20DEF21E7790ED00B035A0 /* MGVideo.xcdatamodeld */ = {
			isa = XCVersionGroup;
			children = (
				9E20DEF31E7790ED00B035A0 /* MGVideo.xcdatamodel */,
			);
			currentVersion = 9E20DEF31E7790ED00B035A0 /* MGVideo.xcdatamodel */;
			path = MGVideo.xcdatamodeld;
			sourceTree = "<group>";
			versionGroupType = wrapper.xcdatamodel;
		};
/* End XCVersionGroup section */
	};
	rootObject = 9E20DEDB1E7790ED00B035A0 /* Project object */;
}
